
Microsoft Visual Studio Solution File, Format Version 12.00
# Visual Studio 14
VisualStudioVersion = 14.0.24720.0
MinimumVisualStudioVersion = 10.0.40219.1
Project("{FAE04EC0-301F-11D3-BF4B-00C04F79EFBC}") = "QService", "QService\QService.csproj", "{AA060C90-EC49-453D-A91C-BE63E83349DD}"
EndProject
Global
	GlobalSection(SolutionConfigurationPlatforms) = preSolution
		Debug|Any CPU = Debug|Any CPU
		Release|Any CPU = Release|Any CPU
	EndGlobalSection
	GlobalSection(ProjectConfigurationPlatforms) = postSolution
		{AA060C90-EC49-453D-A91C-BE63E83349DD}.Debug|Any CPU.ActiveCfg = Debug|Any CPU
		{AA060C90-EC49-453D-A91C-BE63E83349DD}.Debug|Any CPU.Build.0 = Debug|Any CPU
		{AA060C90-EC49-453D-A91C-BE63E83349DD}.Release|Any CPU.ActiveCfg = Release|Any CPU
		{AA060C90-EC49-453D-A91C-BE63E83349DD}.Release|Any CPU.Build.0 = Release|Any CPU
	EndGlobalSection
	GlobalSection(SolutionProperties) = preSolution
		HideSolutionNode = FALSE
	EndGlobalSection
EndGlobal
